
Microsoft Visual Studio Solution File, Format Version 12.00
Project("{FAE04EC0-301F-11D3-BF4B-00C04F79EFBC}") = "MermaidWeb", "MermaidWeb\MermaidWeb.csproj", "{53D6B876-1BB2-4B6E-82DB-D56F92F7D505}"
EndProject
Global
	GlobalSection(SolutionConfigurationPlatforms) = preSolution
		Debug|Any CPU = Debug|Any CPU
		Release|Any CPU = Release|Any CPU
	EndGlobalSection
	GlobalSection(ProjectConfigurationPlatforms) = postSolution
		{53D6B876-1BB2-4B6E-82DB-D56F92F7D505}.Debug|Any CPU.ActiveCfg = Debug|Any CPU
		{53D6B876-1BB2-4B6E-82DB-D56F92F7D505}.Debug|Any CPU.Build.0 = Debug|Any CPU
		{53D6B876-1BB2-4B6E-82DB-D56F92F7D505}.Release|Any CPU.ActiveCfg = Release|Any CPU
		{53D6B876-1BB2-4B6E-82DB-D56F92F7D505}.Release|Any CPU.Build.0 = Release|Any CPU
	EndGlobalSection
EndGlobal
